# This file is @generated by PDM.
# It is not intended for manual editing.

[metadata]
groups = ["default"]
strategy = ["inherit_metadata"]
lock_version = "4.5.0"
content_hash = "sha256:da22f47c61e5bcf9e40529bb92a8fb688426668c7cfa3ccf528848fd33ba7942"

[[metadata.targets]]
requires_python = ">=3.11"
